{
    "version": 3,
    "terraform_version": "0.11.14",
    "serial": 7,
    "lineage": "e69b2b56-9dde-fb69-a804-18bfe465353b",
    "modules": [
        {
            "path": [
                "root"
            ],
            "outputs": {},
            "resources": {
                "data.vsphere_compute_cluster.cluster": {
                    "type": "vsphere_compute_cluster",
                    "depends_on": [
                        "data.vsphere_datacenter.dc"
                    ],
                    "primary": {
                        "id": "domain-c26",
                        "attributes": {
                            "datacenter_id": "datacenter-21",
                            "id": "domain-c26",
                            "name": "LAB",
                            "resource_pool_id": "resgroup-27"
                        },
                        "meta": {},
                        "tainted": false
                    },
                    "deposed": [],
                    "provider": "provider.vsphere"
                },
                "data.vsphere_datacenter.dc": {
                    "type": "vsphere_datacenter",
                    "depends_on": [],
                    "primary": {
                        "id": "datacenter-21",
                        "attributes": {
                            "id": "datacenter-21",
                            "name": "DCX"
                        },
                        "meta": {},
                        "tainted": false
                    },
                    "deposed": [],
                    "provider": "provider.vsphere"
                },
                "data.vsphere_datastore.datastore": {
                    "type": "vsphere_datastore",
                    "depends_on": [
                        "data.vsphere_datacenter.dc"
                    ],
                    "primary": {
                        "id": "datastore-35",
                        "attributes": {
                            "datacenter_id": "datacenter-21",
                            "id": "datastore-35",
                            "name": "DCX-Test"
                        },
                        "meta": {},
                        "tainted": false
                    },
                    "deposed": [],
                    "provider": "provider.vsphere"
                },
                "data.vsphere_network.network": {
                    "type": "vsphere_network",
                    "depends_on": [
                        "data.vsphere_datacenter.dc"
                    ],
                    "primary": {
                        "id": "network-39",
                        "attributes": {
                            "datacenter_id": "datacenter-21",
                            "id": "network-39",
                            "name": "VM Network",
                            "type": "Network"
                        },
                        "meta": {},
                        "tainted": false
                    },
                    "deposed": [],
                    "provider": "provider.vsphere"
                },
                "data.vsphere_virtual_machine.template": {
                    "type": "vsphere_virtual_machine",
                    "depends_on": [
                        "data.vsphere_datacenter.dc"
                    ],
                    "primary": {
                        "id": "42218086-8597-5503-e624-41d5e6e8e9cf",
                        "attributes": {
                            "alternate_guest_name": "",
                            "datacenter_id": "datacenter-21",
                            "disks.#": "1",
                            "disks.0.eagerly_scrub": "false",
                            "disks.0.size": "16",
                            "disks.0.thin_provisioned": "true",
                            "firmware": "bios",
                            "guest_id": "centos7_64Guest",
                            "id": "42218086-8597-5503-e624-41d5e6e8e9cf",
                            "name": "CentOS7_Template",
                            "network_interface_types.#": "1",
                            "network_interface_types.0": "vmxnet3",
                            "scsi_bus_sharing": "noSharing",
                            "scsi_controller_scan_count": "1",
                            "scsi_type": "pvscsi"
                        },
                        "meta": {},
                        "tainted": false
                    },
                    "deposed": [],
                    "provider": "provider.vsphere"
                },
                "vsphere_virtual_machine.vm": {
                    "type": "vsphere_virtual_machine",
                    "depends_on": [
                        "data.vsphere_compute_cluster.cluster",
                        "data.vsphere_datastore.datastore",
                        "data.vsphere_network.network",
                        "data.vsphere_virtual_machine.template"
                    ],
                    "primary": {
                        "id": "422145c4-89c9-76a9-6433-f866f7f936bb",
                        "attributes": {
                            "boot_retry_delay": "10000",
                            "cdrom.#": "0",
                            "clone.#": "1",
                            "clone.0.customize.#": "0",
                            "clone.0.linked_clone": "false",
                            "clone.0.template_uuid": "42218086-8597-5503-e624-41d5e6e8e9cf",
                            "clone.0.timeout": "30",
                            "cpu_limit": "-1",
                            "cpu_share_level": "normal",
                            "datastore_id": "datastore-35",
                            "disk.#": "1",
                            "disk.0.attach": "false",
                            "disk.0.datastore_id": "datastore-35",
                            "disk.0.device_address": "scsi:0:0",
                            "disk.0.disk_mode": "persistent",
                            "disk.0.disk_sharing": "sharingNone",
                            "disk.0.eagerly_scrub": "false",
                            "disk.0.io_limit": "-1",
                            "disk.0.io_reservation": "0",
                            "disk.0.io_share_count": "1000",
                            "disk.0.io_share_level": "normal",
                            "disk.0.keep_on_remove": "false",
                            "disk.0.key": "2000",
                            "disk.0.label": "disk0",
                            "disk.0.name": "",
                            "disk.0.path": "terraform-test/terraform-test.vmdk",
                            "disk.0.size": "20",
                            "disk.0.thin_provisioned": "true",
                            "disk.0.unit_number": "0",
                            "disk.0.uuid": "6000C298-0ff8-6cb0-752f-7934f223922d",
                            "disk.0.write_through": "false",
                            "ept_rvi_mode": "automatic",
                            "firmware": "bios",
                            "force_power_off": "true",
                            "guest_id": "centos7_64Guest",
                            "hv_mode": "hvAuto",
                            "id": "422145c4-89c9-76a9-6433-f866f7f936bb",
                            "latency_sensitivity": "normal",
                            "memory": "1024",
                            "memory_limit": "-1",
                            "memory_share_level": "normal",
                            "migrate_wait_timeout": "30",
                            "name": "terraform-test",
                            "network_interface.#": "1",
                            "network_interface.0.adapter_type": "vmxnet3",
                            "network_interface.0.bandwidth_limit": "-1",
                            "network_interface.0.bandwidth_reservation": "0",
                            "network_interface.0.bandwidth_share_count": "0",
                            "network_interface.0.bandwidth_share_level": "normal",
                            "network_interface.0.device_address": "pci:0:7",
                            "network_interface.0.key": "4000",
                            "network_interface.0.mac_address": "",
                            "network_interface.0.network_id": "network-39",
                            "network_interface.0.use_static_mac": "false",
                            "num_cores_per_socket": "1",
                            "num_cpus": "2",
                            "reboot_required": "true",
                            "resource_pool_id": "resgroup-27",
                            "run_tools_scripts_after_power_on": "true",
                            "run_tools_scripts_after_resume": "true",
                            "run_tools_scripts_before_guest_shutdown": "true",
                            "run_tools_scripts_before_guest_standby": "true",
                            "scsi_bus_sharing": "noSharing",
                            "scsi_controller_count": "1",
                            "scsi_type": "pvscsi",
                            "shutdown_wait_timeout": "3",
                            "swap_placement_policy": "inherit",
                            "wait_for_guest_ip_timeout": "0",
                            "wait_for_guest_net_routable": "true",
                            "wait_for_guest_net_timeout": "5"
                        },
                        "meta": {
                            "schema_version": "3"
                        },
                        "tainted": false
                    },
                    "deposed": [],
                    "provider": "provider.vsphere"
                }
            },
            "depends_on": []
        }
    ]
}
