{
  "version": 4,
  "terraform_version": "0.12.0",
  "serial": 62,
  "lineage": "c2c90e52-2839-bd41-2f4b-6aa0363cd650",
  "outputs": {
    "ip": {
      "value": "3.81.194.80",
      "type": "string"
    }
  },
  "resources": [
    {
      "mode": "managed",
      "type": "aws_eip",
      "name": "ip",
      "provider": "provider.aws",
      "instances": [
        {
          "schema_version": 0,
          "attributes": {
            "allocation_id": null,
            "associate_with_private_ip": null,
            "association_id": "eipassoc-03339f77b5641e645",
            "domain": "vpc",
            "id": "eipalloc-005db843ad8399645",
            "instance": "i-0916cce323ebcd87f",
            "network_interface": "eni-0cb1d3f39946580af",
            "private_dns": "ip-172-31-49-158.ec2.internal",
            "private_ip": "172.31.49.158",
            "public_dns": "ec2-3-81-194-80.compute-1.amazonaws.com",
            "public_ip": "3.81.194.80",
            "public_ipv4_pool": "amazon",
            "tags": null,
            "timeouts": null,
            "vpc": true
          },
          "depends_on": [
            "aws_instance.example"
          ]
        }
      ]
    },
    {
      "mode": "managed",
      "type": "aws_instance",
      "name": "example",
      "provider": "provider.aws",
      "instances": [
        {
          "schema_version": 1,
          "attributes": {
            "ami": "ami-05a36d3b9aa4a17ac",
            "arn": "arn:aws:ec2:us-east-1:715776101341:instance/i-0916cce323ebcd87f",
            "associate_public_ip_address": true,
            "availability_zone": "us-east-1c",
            "cpu_core_count": 1,
            "cpu_threads_per_core": 1,
            "credit_specification": [
              {
                "cpu_credits": "standard"
              }
            ],
            "disable_api_termination": false,
            "ebs_block_device": [],
            "ebs_optimized": false,
            "ephemeral_block_device": [],
            "get_password_data": false,
            "host_id": null,
            "iam_instance_profile": "",
            "id": "i-0916cce323ebcd87f",
            "instance_initiated_shutdown_behavior": null,
            "instance_state": "running",
            "instance_type": "t2.micro",
            "ipv6_address_count": 0,
            "ipv6_addresses": [],
            "key_name": "AWS_XPS_LIN",
            "monitoring": false,
            "network_interface": [],
            "network_interface_id": null,
            "password_data": "",
            "placement_group": "",
            "primary_network_interface_id": "eni-0cb1d3f39946580af",
            "private_dns": "ip-172-31-49-158.ec2.internal",
            "private_ip": "172.31.49.158",
            "public_dns": "ec2-54-209-0-175.compute-1.amazonaws.com",
            "public_ip": "54.209.0.175",
            "root_block_device": [
              {
                "delete_on_termination": true,
                "iops": 100,
                "volume_id": "vol-03c8ccf0f366ff738",
                "volume_size": 8,
                "volume_type": "gp2"
              }
            ],
            "security_groups": [
              "default"
            ],
            "source_dest_check": true,
            "subnet_id": "subnet-396dc813",
            "tags": null,
            "tenancy": "default",
            "timeouts": null,
            "user_data": null,
            "user_data_base64": null,
            "volume_tags": {},
            "vpc_security_group_ids": [
              "sg-30ca6748"
            ]
          }
        }
      ]
    }
  ]
}
